
Microsoft Visual Studio Solution File, Format Version 12.00
# Visual Studio Version 17
VisualStudioVersion = 17.7.34031.279
MinimumVisualStudioVersion = 10.0.40219.1
Project("{9A19103F-16F7-4668-BE54-9A1E7A4F7556}") = "Automate.Domain", "Automate.Domain\Automate.Domain.csproj", "{3ACFD745-29AE-464A-8AF0-B73B46DFEF0D}"
EndProject
Project("{9A19103F-16F7-4668-BE54-9A1E7A4F7556}") = "Automate.Console", "Automate.Console\Automate.Console.csproj", "{AB07B52D-0220-4280-9E56-119BA9FE2AD1}"
EndProject
Global
	GlobalSection(SolutionConfigurationPlatforms) = preSolution
		Debug|Any CPU = Debug|Any CPU
		Release|Any CPU = Release|Any CPU
	EndGlobalSection
	GlobalSection(ProjectConfigurationPlatforms) = postSolution
		{3ACFD745-29AE-464A-8AF0-B73B46DFEF0D}.Debug|Any CPU.ActiveCfg = Debug|Any CPU
		{3ACFD745-29AE-464A-8AF0-B73B46DFEF0D}.Debug|Any CPU.Build.0 = Debug|Any CPU
		{3ACFD745-29AE-464A-8AF0-B73B46DFEF0D}.Release|Any CPU.ActiveCfg = Release|Any CPU
		{3ACFD745-29AE-464A-8AF0-B73B46DFEF0D}.Release|Any CPU.Build.0 = Release|Any CPU
		{AB07B52D-0220-4280-9E56-119BA9FE2AD1}.Debug|Any CPU.ActiveCfg = Debug|Any CPU
		{AB07B52D-0220-4280-9E56-119BA9FE2AD1}.Debug|Any CPU.Build.0 = Debug|Any CPU
		{AB07B52D-0220-4280-9E56-119BA9FE2AD1}.Release|Any CPU.ActiveCfg = Release|Any CPU
		{AB07B52D-0220-4280-9E56-119BA9FE2AD1}.Release|Any CPU.Build.0 = Release|Any CPU
	EndGlobalSection
	GlobalSection(SolutionProperties) = preSolution
		HideSolutionNode = FALSE
	EndGlobalSection
	GlobalSection(ExtensibilityGlobals) = postSolution
		SolutionGuid = {C304D381-7870-4329-9D73-A2F36DCAE829}
	EndGlobalSection
EndGlobal
